
Microsoft Visual Studio Solution File, Format Version 12.00
# Visual Studio Version 17
VisualStudioVersion = 17.0.31903.59
MinimumVisualStudioVersion = 10.0.40219.1
Project("{9A19103F-16F7-4668-BE54-9A1E7A4F7556}") = "BlazorIdentityKit", "BlazorIdentityKit\BlazorIdentityKit.csproj", "{DB8DEBC2-ECA6-4B77-8369-5CFC10EDE461}"
EndProject
Project("{9A19103F-16F7-4668-BE54-9A1E7A4F7556}") = "Client", "Client\Client.csproj", "{5726BEDE-3C27-45B9-BC0E-B892220D7EEB}"
EndProject
Project("{9A19103F-16F7-4668-BE54-9A1E7A4F7556}") = "APIs", "APIs\APIs.csproj", "{9C2677BA-8E32-419D-8913-D553F4679086}"
EndProject
Global
	GlobalSection(SolutionConfigurationPlatforms) = preSolution
		Debug|Any CPU = Debug|Any CPU
		Release|Any CPU = Release|Any CPU
	EndGlobalSection
	GlobalSection(ProjectConfigurationPlatforms) = postSolution
		{DB8DEBC2-ECA6-4B77-8369-5CFC10EDE461}.Debug|Any CPU.ActiveCfg = Debug|Any CPU
		{DB8DEBC2-ECA6-4B77-8369-5CFC10EDE461}.Debug|Any CPU.Build.0 = Debug|Any CPU
		{DB8DEBC2-ECA6-4B77-8369-5CFC10EDE461}.Release|Any CPU.ActiveCfg = Release|Any CPU
		{DB8DEBC2-ECA6-4B77-8369-5CFC10EDE461}.Release|Any CPU.Build.0 = Release|Any CPU
		{5726BEDE-3C27-45B9-BC0E-B892220D7EEB}.Debug|Any CPU.ActiveCfg = Debug|Any CPU
		{5726BEDE-3C27-45B9-BC0E-B892220D7EEB}.Debug|Any CPU.Build.0 = Debug|Any CPU
		{5726BEDE-3C27-45B9-BC0E-B892220D7EEB}.Release|Any CPU.ActiveCfg = Release|Any CPU
		{5726BEDE-3C27-45B9-BC0E-B892220D7EEB}.Release|Any CPU.Build.0 = Release|Any CPU
		{9C2677BA-8E32-419D-8913-D553F4679086}.Debug|Any CPU.ActiveCfg = Debug|Any CPU
		{9C2677BA-8E32-419D-8913-D553F4679086}.Debug|Any CPU.Build.0 = Debug|Any CPU
		{9C2677BA-8E32-419D-8913-D553F4679086}.Release|Any CPU.ActiveCfg = Release|Any CPU
		{9C2677BA-8E32-419D-8913-D553F4679086}.Release|Any CPU.Build.0 = Release|Any CPU
	EndGlobalSection
	GlobalSection(SolutionProperties) = preSolution
		HideSolutionNode = FALSE
	EndGlobalSection
	GlobalSection(ExtensibilityGlobals) = postSolution
		SolutionGuid = {D132D0E6-DE62-46A2-9BDF-E4B445B755F4}
	EndGlobalSection
EndGlobal
